
Microsoft Visual Studio Solution File, Format Version 12.00
# Visual Studio Version 17
VisualStudioVersion = 17.1.32210.238
MinimumVisualStudioVersion = 10.0.40219.1
Project("{FAE04EC0-301F-11D3-BF4B-00C04F79EFBC}") = "GridDemo", "GridDemo\GridDemo.csproj", "{AAD77615-6E3B-4883-B89E-1BBA97D38676}"
EndProject
Global
	GlobalSection(SolutionConfigurationPlatforms) = preSolution
		Debug|Any CPU = Debug|Any CPU
		Release|Any CPU = Release|Any CPU
	EndGlobalSection
	GlobalSection(ProjectConfigurationPlatforms) = postSolution
		{AAD77615-6E3B-4883-B89E-1BBA97D38676}.Debug|Any CPU.ActiveCfg = Debug|Any CPU
		{AAD77615-6E3B-4883-B89E-1BBA97D38676}.Debug|Any CPU.Build.0 = Debug|Any CPU
		{AAD77615-6E3B-4883-B89E-1BBA97D38676}.Release|Any CPU.ActiveCfg = Release|Any CPU
		{AAD77615-6E3B-4883-B89E-1BBA97D38676}.Release|Any CPU.Build.0 = Release|Any CPU
	EndGlobalSection
	GlobalSection(SolutionProperties) = preSolution
		HideSolutionNode = FALSE
	EndGlobalSection
	GlobalSection(ExtensibilityGlobals) = postSolution
		SolutionGuid = {9A6F8AB4-9182-4218-B7F6-579DA1EAFC0B}
	EndGlobalSection
EndGlobal
