
Microsoft Visual Studio Solution File, Format Version 12.00
# Visual Studio Version 17
VisualStudioVersion = 17.1.32210.238
MinimumVisualStudioVersion = 10.0.40219.1
Project("{FAE04EC0-301F-11D3-BF4B-00C04F79EFBC}") = "ButtonsDemo", "ButtonsDemo\ButtonsDemo.csproj", "{0818B725-CCFF-4F60-AAD4-497D82CB202A}"
EndProject
Global
	GlobalSection(SolutionConfigurationPlatforms) = preSolution
		Debug|Any CPU = Debug|Any CPU
		Release|Any CPU = Release|Any CPU
	EndGlobalSection
	GlobalSection(ProjectConfigurationPlatforms) = postSolution
		{0818B725-CCFF-4F60-AAD4-497D82CB202A}.Debug|Any CPU.ActiveCfg = Debug|Any CPU
		{0818B725-CCFF-4F60-AAD4-497D82CB202A}.Debug|Any CPU.Build.0 = Debug|Any CPU
		{0818B725-CCFF-4F60-AAD4-497D82CB202A}.Release|Any CPU.ActiveCfg = Release|Any CPU
		{0818B725-CCFF-4F60-AAD4-497D82CB202A}.Release|Any CPU.Build.0 = Release|Any CPU
	EndGlobalSection
	GlobalSection(SolutionProperties) = preSolution
		HideSolutionNode = FALSE
	EndGlobalSection
	GlobalSection(ExtensibilityGlobals) = postSolution
		SolutionGuid = {CA041655-C7B6-46A7-AFA2-64E7C51CE05C}
	EndGlobalSection
EndGlobal
