
Microsoft Visual Studio Solution File, Format Version 12.00
# Visual Studio Version 17
VisualStudioVersion = 17.1.32210.238
MinimumVisualStudioVersion = 10.0.40219.1
Project("{FAE04EC0-301F-11D3-BF4B-00C04F79EFBC}") = "DatabindingListToClass", "DatabindingListToClass\DatabindingListToClass.csproj", "{00B77BDC-DC20-44AF-86DF-CBA74EBB60DB}"
EndProject
Global
	GlobalSection(SolutionConfigurationPlatforms) = preSolution
		Debug|Any CPU = Debug|Any CPU
		Release|Any CPU = Release|Any CPU
	EndGlobalSection
	GlobalSection(ProjectConfigurationPlatforms) = postSolution
		{00B77BDC-DC20-44AF-86DF-CBA74EBB60DB}.Debug|Any CPU.ActiveCfg = Debug|Any CPU
		{00B77BDC-DC20-44AF-86DF-CBA74EBB60DB}.Debug|Any CPU.Build.0 = Debug|Any CPU
		{00B77BDC-DC20-44AF-86DF-CBA74EBB60DB}.Release|Any CPU.ActiveCfg = Release|Any CPU
		{00B77BDC-DC20-44AF-86DF-CBA74EBB60DB}.Release|Any CPU.Build.0 = Release|Any CPU
	EndGlobalSection
	GlobalSection(SolutionProperties) = preSolution
		HideSolutionNode = FALSE
	EndGlobalSection
	GlobalSection(ExtensibilityGlobals) = postSolution
		SolutionGuid = {AB7497D5-55E1-42DD-9561-391815FDBE34}
	EndGlobalSection
EndGlobal
