
Microsoft Visual Studio Solution File, Format Version 12.00
# Visual Studio Version 17
VisualStudioVersion = 17.1.32210.238
MinimumVisualStudioVersion = 10.0.40219.1
Project("{FAE04EC0-301F-11D3-BF4B-00C04F79EFBC}") = "CanvasDemo", "CanvasDemo\CanvasDemo.csproj", "{960FF220-8E4C-47EC-A7F7-EAF818C8DB89}"
EndProject
Global
	GlobalSection(SolutionConfigurationPlatforms) = preSolution
		Debug|Any CPU = Debug|Any CPU
		Release|Any CPU = Release|Any CPU
	EndGlobalSection
	GlobalSection(ProjectConfigurationPlatforms) = postSolution
		{960FF220-8E4C-47EC-A7F7-EAF818C8DB89}.Debug|Any CPU.ActiveCfg = Debug|Any CPU
		{960FF220-8E4C-47EC-A7F7-EAF818C8DB89}.Debug|Any CPU.Build.0 = Debug|Any CPU
		{960FF220-8E4C-47EC-A7F7-EAF818C8DB89}.Release|Any CPU.ActiveCfg = Release|Any CPU
		{960FF220-8E4C-47EC-A7F7-EAF818C8DB89}.Release|Any CPU.Build.0 = Release|Any CPU
	EndGlobalSection
	GlobalSection(SolutionProperties) = preSolution
		HideSolutionNode = FALSE
	EndGlobalSection
	GlobalSection(ExtensibilityGlobals) = postSolution
		SolutionGuid = {7930800C-7726-4FEF-8013-47C503379B97}
	EndGlobalSection
EndGlobal
