
Microsoft Visual Studio Solution File, Format Version 12.00
# Visual Studio Version 17
VisualStudioVersion = 17.1.32210.238
MinimumVisualStudioVersion = 10.0.40219.1
Project("{FAE04EC0-301F-11D3-BF4B-00C04F79EFBC}") = "WrapPanelsDemo", "WrapPanelsDemo\WrapPanelsDemo.csproj", "{DDF5EA3D-0F8A-4E2D-B207-A7283AFD3E9A}"
EndProject
Global
	GlobalSection(SolutionConfigurationPlatforms) = preSolution
		Debug|Any CPU = Debug|Any CPU
		Release|Any CPU = Release|Any CPU
	EndGlobalSection
	GlobalSection(ProjectConfigurationPlatforms) = postSolution
		{DDF5EA3D-0F8A-4E2D-B207-A7283AFD3E9A}.Debug|Any CPU.ActiveCfg = Debug|Any CPU
		{DDF5EA3D-0F8A-4E2D-B207-A7283AFD3E9A}.Debug|Any CPU.Build.0 = Debug|Any CPU
		{DDF5EA3D-0F8A-4E2D-B207-A7283AFD3E9A}.Release|Any CPU.ActiveCfg = Release|Any CPU
		{DDF5EA3D-0F8A-4E2D-B207-A7283AFD3E9A}.Release|Any CPU.Build.0 = Release|Any CPU
	EndGlobalSection
	GlobalSection(SolutionProperties) = preSolution
		HideSolutionNode = FALSE
	EndGlobalSection
	GlobalSection(ExtensibilityGlobals) = postSolution
		SolutionGuid = {36CF2505-2CFD-4F1D-99B1-FE25913A13F5}
	EndGlobalSection
EndGlobal
